
Microsoft Visual Studio Solution File, Format Version 12.00
# Visual Studio Version 17
VisualStudioVersion = 17.3.32804.467
MinimumVisualStudioVersion = 10.0.40219.1
Project("{FAE04EC0-301F-11D3-BF4B-00C04F79EFBC}") = "Bertuzzi.MAUI.BehaviorValidationPack", "Bertuzzi.MAUI.BehaviorValidationPack\Bertuzzi.MAUI.BehaviorValidationPack.csproj", "{81218380-40EC-4DDF-84DC-8D09DBA6219D}"
EndProject
Project("{FAE04EC0-301F-11D3-BF4B-00C04F79EFBC}") = "MAUIBehaviorValidationPackSample", "MAUIBehaviorValidationPackSample\MAUIBehaviorValidationPackSample.csproj", "{6C1C6C02-4258-427D-8E84-1DDDCC6348C1}"
EndProject
Global
	GlobalSection(SolutionConfigurationPlatforms) = preSolution
		Debug|Any CPU = Debug|Any CPU
		Release|Any CPU = Release|Any CPU
	EndGlobalSection
	GlobalSection(ProjectConfigurationPlatforms) = postSolution
		{81218380-40EC-4DDF-84DC-8D09DBA6219D}.Debug|Any CPU.ActiveCfg = Debug|Any CPU
		{81218380-40EC-4DDF-84DC-8D09DBA6219D}.Debug|Any CPU.Build.0 = Debug|Any CPU
		{81218380-40EC-4DDF-84DC-8D09DBA6219D}.Release|Any CPU.ActiveCfg = Release|Any CPU
		{81218380-40EC-4DDF-84DC-8D09DBA6219D}.Release|Any CPU.Build.0 = Release|Any CPU
		{6C1C6C02-4258-427D-8E84-1DDDCC6348C1}.Debug|Any CPU.ActiveCfg = Debug|Any CPU
		{6C1C6C02-4258-427D-8E84-1DDDCC6348C1}.Debug|Any CPU.Build.0 = Debug|Any CPU
		{6C1C6C02-4258-427D-8E84-1DDDCC6348C1}.Debug|Any CPU.Deploy.0 = Debug|Any CPU
		{6C1C6C02-4258-427D-8E84-1DDDCC6348C1}.Release|Any CPU.ActiveCfg = Release|Any CPU
		{6C1C6C02-4258-427D-8E84-1DDDCC6348C1}.Release|Any CPU.Build.0 = Release|Any CPU
		{6C1C6C02-4258-427D-8E84-1DDDCC6348C1}.Release|Any CPU.Deploy.0 = Release|Any CPU
	EndGlobalSection
	GlobalSection(SolutionProperties) = preSolution
		HideSolutionNode = FALSE
	EndGlobalSection
	GlobalSection(ExtensibilityGlobals) = postSolution
		SolutionGuid = {40C22ED9-08D4-4865-BAB4-9EC54A8B59C3}
	EndGlobalSection
EndGlobal
